
Microsoft Visual Studio Solution File, Format Version 12.00
# Visual Studio Version 17
VisualStudioVersion = 17.9.34616.47
MinimumVisualStudioVersion = 10.0.40219.1
Project("{FAE04EC0-301F-11D3-BF4B-00C04F79EFBC}") = "LearningAbstractionInCshap", "LearningAbstractionInCshap\LearningAbstractionInCshap.csproj", "{ADDE5712-73E4-464A-8981-0FD690D5DCAC}"
EndProject
Global
	GlobalSection(SolutionConfigurationPlatforms) = preSolution
		Debug|Any CPU = Debug|Any CPU
		Release|Any CPU = Release|Any CPU
	EndGlobalSection
	GlobalSection(ProjectConfigurationPlatforms) = postSolution
		{ADDE5712-73E4-464A-8981-0FD690D5DCAC}.Debug|Any CPU.ActiveCfg = Debug|Any CPU
		{ADDE5712-73E4-464A-8981-0FD690D5DCAC}.Debug|Any CPU.Build.0 = Debug|Any CPU
		{ADDE5712-73E4-464A-8981-0FD690D5DCAC}.Release|Any CPU.ActiveCfg = Release|Any CPU
		{ADDE5712-73E4-464A-8981-0FD690D5DCAC}.Release|Any CPU.Build.0 = Release|Any CPU
	EndGlobalSection
	GlobalSection(SolutionProperties) = preSolution
		HideSolutionNode = FALSE
	EndGlobalSection
	GlobalSection(ExtensibilityGlobals) = postSolution
		SolutionGuid = {FBFA0033-5188-4B01-B1DB-45DBA029DB20}
	EndGlobalSection
EndGlobal
